
Microsoft Visual Studio Solution File, Format Version 12.00
# Visual Studio Version 17
VisualStudioVersion = 17.1.32328.378
MinimumVisualStudioVersion = 10.0.40219.1
Project("{FAE04EC0-301F-11D3-BF4B-00C04F79EFBC}") = "OptimizeQueryWithBenchmark", "OptimizeQueryWithBenchmark\OptimizeQueryWithBenchmark.csproj", "{AE2964D7-F545-42CF-B893-53E2859D7300}"
EndProject
Global
	GlobalSection(SolutionConfigurationPlatforms) = preSolution
		Debug|Any CPU = Debug|Any CPU
		Release|Any CPU = Release|Any CPU
	EndGlobalSection
	GlobalSection(ProjectConfigurationPlatforms) = postSolution
		{AE2964D7-F545-42CF-B893-53E2859D7300}.Debug|Any CPU.ActiveCfg = Debug|Any CPU
		{AE2964D7-F545-42CF-B893-53E2859D7300}.Debug|Any CPU.Build.0 = Debug|Any CPU
		{AE2964D7-F545-42CF-B893-53E2859D7300}.Release|Any CPU.ActiveCfg = Release|Any CPU
		{AE2964D7-F545-42CF-B893-53E2859D7300}.Release|Any CPU.Build.0 = Release|Any CPU
	EndGlobalSection
	GlobalSection(SolutionProperties) = preSolution
		HideSolutionNode = FALSE
	EndGlobalSection
	GlobalSection(ExtensibilityGlobals) = postSolution
		SolutionGuid = {0C3A19C8-EDF0-4C15-A0F5-26B8A4F53CEC}
	EndGlobalSection
EndGlobal
